{
  "name": "@a2ui-web/utils",
  "version": "0.1.0",
  "lockfileVersion": 3,
  "requires": true,
  "packages": {
    "": {
      "name": "@a2ui-web/utils",
      "version": "0.1.0",
      "dependencies": {
        "lodash-es": "^4.17.21"
      },
      "devDependencies": {
        "@a2ui-web/config-typescript": "^0.1.1"
      }
    },
    "../config-typescript": {
      "name": "@a2ui-web/config-typescript",
      "version": "0.1.1",
      "dev": true,
      "license": "MIT",
      "peerDependencies": {
        "@types/node": "^20",
        "typescript": "^5.0.0"
      }
    },
    "../config-typescript/node_modules/@types/node": {
      "version": "20.19.27",
      "dev": true,
      "license": "MIT",
      "peer": true,
      "dependencies": {
        "undici-types": "~6.21.0"
      }
    },
    "../config-typescript/node_modules/typescript": {
      "version": "5.9.3",
      "dev": true,
      "license": "Apache-2.0",
      "peer": true,
      "bin": {
        "tsc": "bin/tsc",
        "tsserver": "bin/tsserver"
      },
      "engines": {
        "node": ">=14.17"
      }
    },
    "../config-typescript/node_modules/undici-types": {
      "version": "6.21.0",
      "dev": true,
      "license": "MIT",
      "peer": true
    },
    "node_modules/@a2ui-web/config-typescript": {
      "resolved": "../config-typescript",
      "link": true
    },
    "node_modules/lodash-es": {
      "version": "4.17.22",
      "resolved": "https://registry.npmmirror.com/lodash-es/-/lodash-es-4.17.22.tgz",
      "integrity": "sha512-XEawp1t0gxSi9x01glktRZ5HDy0HXqrM0x5pXQM98EaI0NxO6jVM7omDOxsuEo5UIASAnm2bRp1Jt/e0a2XU8Q==",
      "license": "MIT"
    }
  }
}
